
Microsoft Visual Studio Solution File, Format Version 12.00
# Visual Studio Version 17
VisualStudioVersion = 17.10.35004.147
MinimumVisualStudioVersion = 10.0.40219.1
Project("{FAE04EC0-301F-11D3-BF4B-00C04F79EFBC}") = "dz2_c#", "dz2_c#\dz2_c#.csproj", "{9B0183BF-2212-4995-9D89-420F41680DB0}"
EndProject
Global
	GlobalSection(SolutionConfigurationPlatforms) = preSolution
		Debug|Any CPU = Debug|Any CPU
		Release|Any CPU = Release|Any CPU
	EndGlobalSection
	GlobalSection(ProjectConfigurationPlatforms) = postSolution
		{9B0183BF-2212-4995-9D89-420F41680DB0}.Debug|Any CPU.ActiveCfg = Debug|Any CPU
		{9B0183BF-2212-4995-9D89-420F41680DB0}.Debug|Any CPU.Build.0 = Debug|Any CPU
		{9B0183BF-2212-4995-9D89-420F41680DB0}.Release|Any CPU.ActiveCfg = Release|Any CPU
		{9B0183BF-2212-4995-9D89-420F41680DB0}.Release|Any CPU.Build.0 = Release|Any CPU
	EndGlobalSection
	GlobalSection(SolutionProperties) = preSolution
		HideSolutionNode = FALSE
	EndGlobalSection
	GlobalSection(ExtensibilityGlobals) = postSolution
		SolutionGuid = {62D7E8AD-B802-44EF-B952-41C67954829E}
	EndGlobalSection
EndGlobal
